
Microsoft Visual Studio Solution File, Format Version 12.00
# Visual Studio Version 16
VisualStudioVersion = 16.0.31025.194
MinimumVisualStudioVersion = 10.0.40219.1
Project("{8BC9CEB8-8B4A-11D0-8D11-00A0C91BC942}") = "RhythmGame", "RhythmGame\RhythmGame.vcxproj", "{10F8AB07-0B3A-479D-BECF-8C5130C2A097}"
EndProject
Global
	GlobalSection(SolutionConfigurationPlatforms) = preSolution
		Debug|x64 = Debug|x64
		Debug|x86 = Debug|x86
		Release|x64 = Release|x64
		Release|x86 = Release|x86
	EndGlobalSection
	GlobalSection(ProjectConfigurationPlatforms) = postSolution
		{10F8AB07-0B3A-479D-BECF-8C5130C2A097}.Debug|x64.ActiveCfg = Debug|x64
		{10F8AB07-0B3A-479D-BECF-8C5130C2A097}.Debug|x64.Build.0 = Debug|x64
		{10F8AB07-0B3A-479D-BECF-8C5130C2A097}.Debug|x86.ActiveCfg = Debug|Win32
		{10F8AB07-0B3A-479D-BECF-8C5130C2A097}.Debug|x86.Build.0 = Debug|Win32
		{10F8AB07-0B3A-479D-BECF-8C5130C2A097}.Release|x64.ActiveCfg = Release|x64
		{10F8AB07-0B3A-479D-BECF-8C5130C2A097}.Release|x64.Build.0 = Release|x64
		{10F8AB07-0B3A-479D-BECF-8C5130C2A097}.Release|x86.ActiveCfg = Release|Win32
		{10F8AB07-0B3A-479D-BECF-8C5130C2A097}.Release|x86.Build.0 = Release|Win32
	EndGlobalSection
	GlobalSection(SolutionProperties) = preSolution
		HideSolutionNode = FALSE
	EndGlobalSection
	GlobalSection(ExtensibilityGlobals) = postSolution
		SolutionGuid = {37FB39B9-3348-49E1-AEFE-C09E79A2CF6E}
	EndGlobalSection
EndGlobal
